// !$*UTF8*$!
{
	archiveVersion = 1;
	classes = {
	};
	objectVersion = 56;
	objects = {

/* Begin PBXBuildFile section */
		21E383392C3B60270056685E /* UserDefaultsManager.swift in Sources */ = {isa = PBXBuildFile; fileRef = 21E383382C3B60270056685E /* UserDefaultsManager.swift */; };
		21E3833D2C3C91680056685E /* Profile.swift in Sources */ = {isa = PBXBuildFile; fileRef = 21E3833C2C3C91680056685E /* Profile.swift */; };
		21F491142C2B91C300016D22 /* NatureWalkApp.swift in Sources */ = {isa = PBXBuildFile; fileRef = 21F491132C2B91C300016D22 /* NatureWalkApp.swift */; };
		21F491162C2B91C300016D22 /* LoginView.swift in Sources */ = {isa = PBXBuildFile; fileRef = 21F491152C2B91C300016D22 /* LoginView.swift */; };
		21F491182C2B91C400016D22 /* Assets.xcassets in Resources */ = {isa = PBXBuildFile; fileRef = 21F491172C2B91C400016D22 /* Assets.xcassets */; };
		21F4911B2C2B91C400016D22 /* Preview Assets.xcassets in Resources */ = {isa = PBXBuildFile; fileRef = 21F4911A2C2B91C400016D22 /* Preview Assets.xcassets */; };
		3C4BCF8E2C3B523B008321FC /* FireAuthHelper.swift in Sources */ = {isa = PBXBuildFile; fileRef = 3C4BCF8D2C3B523B008321FC /* FireAuthHelper.swift */; };
		3C4BCF902C3B5245008321FC /* FireDBHelper.swift in Sources */ = {isa = PBXBuildFile; fileRef = 3C4BCF8F2C3B5245008321FC /* FireDBHelper.swift */; };
		3C4BCF942C3B5528008321FC /* FirebaseAuth in Frameworks */ = {isa = PBXBuildFile; productRef = 3C4BCF932C3B5528008321FC /* FirebaseAuth */; };
		3C4BCF962C3B553C008321FC /* FirebaseFirestore in Frameworks */ = {isa = PBXBuildFile; productRef = 3C4BCF952C3B553C008321FC /* FirebaseFirestore */; };
		3C4BCF982C3B5547008321FC /* FirebaseFirestoreSwift in Frameworks */ = {isa = PBXBuildFile; productRef = 3C4BCF972C3B5547008321FC /* FirebaseFirestoreSwift */; };
		3C4BCF9A2C3B5551008321FC /* FirebaseStorage in Frameworks */ = {isa = PBXBuildFile; productRef = 3C4BCF992C3B5551008321FC /* FirebaseStorage */; };
		3C4BCF9C2C3B567B008321FC /* GoogleService-Info.plist in Resources */ = {isa = PBXBuildFile; fileRef = 3C4BCF9B2C3B567B008321FC /* GoogleService-Info.plist */; };
		3C4BCF9E2C3B57A8008321FC /* Session.swift in Sources */ = {isa = PBXBuildFile; fileRef = 3C4BCF9D2C3B57A8008321FC /* Session.swift */; };
		3C4BCFA22C3B679E008321FC /* SessionListView.swift in Sources */ = {isa = PBXBuildFile; fileRef = 3C4BCFA12C3B679E008321FC /* SessionListView.swift */; };
		3C4BCFA42C3B682A008321FC /* DetailView.swift in Sources */ = {isa = PBXBuildFile; fileRef = 3C4BCFA32C3B682A008321FC /* DetailView.swift */; };
		3C4BCFA62C3B72EC008321FC /* ContentView.swift in Sources */ = {isa = PBXBuildFile; fileRef = 3C4BCFA52C3B72EC008321FC /* ContentView.swift */; };
		3C4BCFA82C3B7C0F008321FC /* FavoritesListView.swift in Sources */ = {isa = PBXBuildFile; fileRef = 3C4BCFA72C3B7C0F008321FC /* FavoritesListView.swift */; };
		3C4BCFAA2C3B7C20008321FC /* PurchaseListView.swift in Sources */ = {isa = PBXBuildFile; fileRef = 3C4BCFA92C3B7C20008321FC /* PurchaseListView.swift */; };
		3C4BCFAC2C3B7C2A008321FC /* ProfileView.swift in Sources */ = {isa = PBXBuildFile; fileRef = 3C4BCFAB2C3B7C2A008321FC /* ProfileView.swift */; };
		3C4BCFB62C3BB1C9008321FC /* SharedToolbar.swift in Sources */ = {isa = PBXBuildFile; fileRef = 3C4BCFB52C3BB1C9008321FC /* SharedToolbar.swift */; };
		3C75FC5C2C3C902D00377C12 /* RootView.swift in Sources */ = {isa = PBXBuildFile; fileRef = 3C75FC5B2C3C902D00377C12 /* RootView.swift */; };
/* End PBXBuildFile section */

/* Begin PBXFileReference section */
		21E383382C3B60270056685E /* UserDefaultsManager.swift */ = {isa = PBXFileReference; fileEncoding = 4; lastKnownFileType = sourcecode.swift; path = UserDefaultsManager.swift; sourceTree = "<group>"; };
		21E3833C2C3C91680056685E /* Profile.swift */ = {isa = PBXFileReference; lastKnownFileType = sourcecode.swift; path = Profile.swift; sourceTree = "<group>"; };
		21F491102C2B91C300016D22 /* NatureWalk.app */ = {isa = PBXFileReference; explicitFileType = wrapper.application; includeInIndex = 0; path = NatureWalk.app; sourceTree = BUILT_PRODUCTS_DIR; };
		21F491132C2B91C300016D22 /* NatureWalkApp.swift */ = {isa = PBXFileReference; lastKnownFileType = sourcecode.swift; path = NatureWalkApp.swift; sourceTree = "<group>"; };
		21F491152C2B91C300016D22 /* LoginView.swift */ = {isa = PBXFileReference; lastKnownFileType = sourcecode.swift; path = LoginView.swift; sourceTree = "<group>"; };
		21F491172C2B91C400016D22 /* Assets.xcassets */ = {isa = PBXFileReference; lastKnownFileType = folder.assetcatalog; path = Assets.xcassets; sourceTree = "<group>"; };
		21F4911A2C2B91C400016D22 /* Preview Assets.xcassets */ = {isa = PBXFileReference; lastKnownFileType = folder.assetcatalog; path = "Preview Assets.xcassets"; sourceTree = "<group>"; };
		3C4BCF8D2C3B523B008321FC /* FireAuthHelper.swift */ = {isa = PBXFileReference; lastKnownFileType = sourcecode.swift; path = FireAuthHelper.swift; sourceTree = "<group>"; };
		3C4BCF8F2C3B5245008321FC /* FireDBHelper.swift */ = {isa = PBXFileReference; lastKnownFileType = sourcecode.swift; path = FireDBHelper.swift; sourceTree = "<group>"; };
		3C4BCF9B2C3B567B008321FC /* GoogleService-Info.plist */ = {isa = PBXFileReference; fileEncoding = 4; lastKnownFileType = text.plist.xml; path = "GoogleService-Info.plist"; sourceTree = "<group>"; };
		3C4BCF9D2C3B57A8008321FC /* Session.swift */ = {isa = PBXFileReference; lastKnownFileType = sourcecode.swift; path = Session.swift; sourceTree = "<group>"; };
		3C4BCFA12C3B679E008321FC /* SessionListView.swift */ = {isa = PBXFileReference; lastKnownFileType = sourcecode.swift; path = SessionListView.swift; sourceTree = "<group>"; };
		3C4BCFA32C3B682A008321FC /* DetailView.swift */ = {isa = PBXFileReference; lastKnownFileType = sourcecode.swift; path = DetailView.swift; sourceTree = "<group>"; };
		3C4BCFA52C3B72EC008321FC /* ContentView.swift */ = {isa = PBXFileReference; lastKnownFileType = sourcecode.swift; path = ContentView.swift; sourceTree = "<group>"; };
		3C4BCFA72C3B7C0F008321FC /* FavoritesListView.swift */ = {isa = PBXFileReference; lastKnownFileType = sourcecode.swift; path = FavoritesListView.swift; sourceTree = "<group>"; };
		3C4BCFA92C3B7C20008321FC /* PurchaseListView.swift */ = {isa = PBXFileReference; lastKnownFileType = sourcecode.swift; path = PurchaseListView.swift; sourceTree = "<group>"; };
		3C4BCFAB2C3B7C2A008321FC /* ProfileView.swift */ = {isa = PBXFileReference; lastKnownFileType = sourcecode.swift; path = ProfileView.swift; sourceTree = "<group>"; };
		3C4BCFB52C3BB1C9008321FC /* SharedToolbar.swift */ = {isa = PBXFileReference; lastKnownFileType = sourcecode.swift; path = SharedToolbar.swift; sourceTree = "<group>"; };
		3C75FC5B2C3C902D00377C12 /* RootView.swift */ = {isa = PBXFileReference; lastKnownFileType = sourcecode.swift; path = RootView.swift; sourceTree = "<group>"; };
/* End PBXFileReference section */

/* Begin PBXFrameworksBuildPhase section */
		21F4910D2C2B91C200016D22 /* Frameworks */ = {
			isa = PBXFrameworksBuildPhase;
			buildActionMask = 2147483647;
			files = (
				3C4BCF942C3B5528008321FC /* FirebaseAuth in Frameworks */,
				3C4BCF9A2C3B5551008321FC /* FirebaseStorage in Frameworks */,
				3C4BCF962C3B553C008321FC /* FirebaseFirestore in Frameworks */,
				3C4BCF982C3B5547008321FC /* FirebaseFirestoreSwift in Frameworks */,
			);
			runOnlyForDeploymentPostprocessing = 0;
		};
/* End PBXFrameworksBuildPhase section */

/* Begin PBXGroup section */
		21F491072C2B91C200016D22 = {
			isa = PBXGroup;
			children = (
				21F491122C2B91C300016D22 /* NatureWalk */,
				21F491112C2B91C300016D22 /* Products */,
				3C4BCF922C3B5528008321FC /* Frameworks */,
			);
			sourceTree = "<group>";
		};
		21F491112C2B91C300016D22 /* Products */ = {
			isa = PBXGroup;
			children = (
				21F491102C2B91C300016D22 /* NatureWalk.app */,
			);
			name = Products;
			sourceTree = "<group>";
		};
		21F491122C2B91C300016D22 /* NatureWalk */ = {
			isa = PBXGroup;
			children = (
				3C4BCF9B2C3B567B008321FC /* GoogleService-Info.plist */,
				3C4BCF8C2C3B51D1008321FC /* Controllers */,
				3C4BCF8B2C3B51C7008321FC /* Models */,
				3C4BCF8A2C3B51BB008321FC /* Views */,
				21F491132C2B91C300016D22 /* NatureWalkApp.swift */,
				21F491172C2B91C400016D22 /* Assets.xcassets */,
				21F491192C2B91C400016D22 /* Preview Content */,
			);
			path = NatureWalk;
			sourceTree = "<group>";
		};
		21F491192C2B91C400016D22 /* Preview Content */ = {
			isa = PBXGroup;
			children = (
				21F4911A2C2B91C400016D22 /* Preview Assets.xcassets */,
			);
			path = "Preview Content";
			sourceTree = "<group>";
		};
		3C4BCF8A2C3B51BB008321FC /* Views */ = {
			isa = PBXGroup;
			children = (
				21F491152C2B91C300016D22 /* LoginView.swift */,
				3C4BCFA12C3B679E008321FC /* SessionListView.swift */,
				3C4BCFA32C3B682A008321FC /* DetailView.swift */,
				3C4BCFA72C3B7C0F008321FC /* FavoritesListView.swift */,
				3C4BCFA92C3B7C20008321FC /* PurchaseListView.swift */,
				3C4BCFAB2C3B7C2A008321FC /* ProfileView.swift */,
				3C4BCFA52C3B72EC008321FC /* ContentView.swift */,
				3C4BCFB52C3BB1C9008321FC /* SharedToolbar.swift */,
				3C75FC5B2C3C902D00377C12 /* RootView.swift */,
			);
			path = Views;
			sourceTree = "<group>";
		};
		3C4BCF8B2C3B51C7008321FC /* Models */ = {
			isa = PBXGroup;
			children = (
				3C4BCF9D2C3B57A8008321FC /* Session.swift */,
				21E3833C2C3C91680056685E /* Profile.swift */,
			);
			path = Models;
			sourceTree = "<group>";
		};
		3C4BCF8C2C3B51D1008321FC /* Controllers */ = {
			isa = PBXGroup;
			children = (
				21E383382C3B60270056685E /* UserDefaultsManager.swift */,
				3C4BCF8D2C3B523B008321FC /* FireAuthHelper.swift */,
				3C4BCF8F2C3B5245008321FC /* FireDBHelper.swift */,
			);
			path = Controllers;
			sourceTree = "<group>";
		};
		3C4BCF922C3B5528008321FC /* Frameworks */ = {
			isa = PBXGroup;
			children = (
			);
			name = Frameworks;
			sourceTree = "<group>";
		};
/* End PBXGroup section */

/* Begin PBXNativeTarget section */
		21F4910F2C2B91C200016D22 /* NatureWalk */ = {
			isa = PBXNativeTarget;
			buildConfigurationList = 21F4911E2C2B91C400016D22 /* Build configuration list for PBXNativeTarget "NatureWalk" */;
			buildPhases = (
				21F4910C2C2B91C200016D22 /* Sources */,
				21F4910D2C2B91C200016D22 /* Frameworks */,
				21F4910E2C2B91C200016D22 /* Resources */,
			);
			buildRules = (
			);
			dependencies = (
			);
			name = NatureWalk;
			packageProductDependencies = (
				3C4BCF932C3B5528008321FC /* FirebaseAuth */,
				3C4BCF952C3B553C008321FC /* FirebaseFirestore */,
				3C4BCF972C3B5547008321FC /* FirebaseFirestoreSwift */,
				3C4BCF992C3B5551008321FC /* FirebaseStorage */,
			);
			productName = NatureWalk;
			productReference = 21F491102C2B91C300016D22 /* NatureWalk.app */;
			productType = "com.apple.product-type.application";
		};
/* End PBXNativeTarget section */

/* Begin PBXProject section */
		21F491082C2B91C200016D22 /* Project object */ = {
			isa = PBXProject;
			attributes = {
				BuildIndependentTargetsInParallel = 1;
				LastSwiftUpdateCheck = 1540;
				LastUpgradeCheck = 1540;
				TargetAttributes = {
					21F4910F2C2B91C200016D22 = {
						CreatedOnToolsVersion = 15.4;
					};
				};
			};
			buildConfigurationList = 21F4910B2C2B91C200016D22 /* Build configuration list for PBXProject "NatureWalk" */;
			compatibilityVersion = "Xcode 14.0";
			developmentRegion = en;
			hasScannedForEncodings = 0;
			knownRegions = (
				en,
				Base,
			);
			mainGroup = 21F491072C2B91C200016D22;
			packageReferences = (
				3C4BCF912C3B53EA008321FC /* XCRemoteSwiftPackageReference "firebase-ios-sdk" */,
			);
			productRefGroup = 21F491112C2B91C300016D22 /* Products */;
			projectDirPath = "";
			projectRoot = "";
			targets = (
				21F4910F2C2B91C200016D22 /* NatureWalk */,
			);
		};
/* End PBXProject section */

/* Begin PBXResourcesBuildPhase section */
		21F4910E2C2B91C200016D22 /* Resources */ = {
			isa = PBXResourcesBuildPhase;
			buildActionMask = 2147483647;
			files = (
				21F4911B2C2B91C400016D22 /* Preview Assets.xcassets in Resources */,
				21F491182C2B91C400016D22 /* Assets.xcassets in Resources */,
				3C4BCF9C2C3B567B008321FC /* GoogleService-Info.plist in Resources */,
			);
			runOnlyForDeploymentPostprocessing = 0;
		};
/* End PBXResourcesBuildPhase section */

/* Begin PBXSourcesBuildPhase section */
		21F4910C2C2B91C200016D22 /* Sources */ = {
			isa = PBXSourcesBuildPhase;
			buildActionMask = 2147483647;
			files = (
				3C4BCFB62C3BB1C9008321FC /* SharedToolbar.swift in Sources */,
				3C4BCFA82C3B7C0F008321FC /* FavoritesListView.swift in Sources */,
				3C4BCF9E2C3B57A8008321FC /* Session.swift in Sources */,
				21E3833D2C3C91680056685E /* Profile.swift in Sources */,
				3C4BCFA42C3B682A008321FC /* DetailView.swift in Sources */,
				3C75FC5C2C3C902D00377C12 /* RootView.swift in Sources */,
				21F491162C2B91C300016D22 /* LoginView.swift in Sources */,
				3C4BCFAC2C3B7C2A008321FC /* ProfileView.swift in Sources */,
				21E383392C3B60270056685E /* UserDefaultsManager.swift in Sources */,
				3C4BCF902C3B5245008321FC /* FireDBHelper.swift in Sources */,
				3C4BCFA62C3B72EC008321FC /* ContentView.swift in Sources */,
				3C4BCFAA2C3B7C20008321FC /* PurchaseListView.swift in Sources */,
				3C4BCFA22C3B679E008321FC /* SessionListView.swift in Sources */,
				21F491142C2B91C300016D22 /* NatureWalkApp.swift in Sources */,
				3C4BCF8E2C3B523B008321FC /* FireAuthHelper.swift in Sources */,
			);
			runOnlyForDeploymentPostprocessing = 0;
		};
/* End PBXSourcesBuildPhase section */

/* Begin XCBuildConfiguration section */
		21F4911C2C2B91C400016D22 /* Debug */ = {
			isa = XCBuildConfiguration;
			buildSettings = {
				ALWAYS_SEARCH_USER_PATHS = NO;
				ASSETCATALOG_COMPILER_GENERATE_SWIFT_ASSET_SYMBOL_EXTENSIONS = YES;
				CLANG_ANALYZER_NONNULL = YES;
				CLANG_ANALYZER_NUMBER_OBJECT_CONVERSION = YES_AGGRESSIVE;
				CLANG_CXX_LANGUAGE_STANDARD = "gnu++20";
				CLANG_ENABLE_MODULES = YES;
				CLANG_ENABLE_OBJC_ARC = YES;
				CLANG_ENABLE_OBJC_WEAK = YES;
				CLANG_WARN_BLOCK_CAPTURE_AUTORELEASING = YES;
				CLANG_WARN_BOOL_CONVERSION = YES;
				CLANG_WARN_COMMA = YES;
				CLANG_WARN_CONSTANT_CONVERSION = YES;
				CLANG_WARN_DEPRECATED_OBJC_IMPLEMENTATIONS = YES;
				CLANG_WARN_DIRECT_OBJC_ISA_USAGE = YES_ERROR;
				CLANG_WARN_DOCUMENTATION_COMMENTS = YES;
				CLANG_WARN_EMPTY_BODY = YES;
				CLANG_WARN_ENUM_CONVERSION = YES;
				CLANG_WARN_INFINITE_RECURSION = YES;
				CLANG_WARN_INT_CONVERSION = YES;
				CLANG_WARN_NON_LITERAL_NULL_CONVERSION = YES;
				CLANG_WARN_OBJC_IMPLICIT_RETAIN_SELF = YES;
				CLANG_WARN_OBJC_LITERAL_CONVERSION = YES;
				CLANG_WARN_OBJC_ROOT_CLASS = YES_ERROR;
				CLANG_WARN_QUOTED_INCLUDE_IN_FRAMEWORK_HEADER = YES;
				CLANG_WARN_RANGE_LOOP_ANALYSIS = YES;
				CLANG_WARN_STRICT_PROTOTYPES = YES;
				CLANG_WARN_SUSPICIOUS_MOVE = YES;
				CLANG_WARN_UNGUARDED_AVAILABILITY = YES_AGGRESSIVE;
				CLANG_WARN_UNREACHABLE_CODE = YES;
				CLANG_WARN__DUPLICATE_METHOD_MATCH = YES;
				COPY_PHASE_STRIP = NO;
				DEBUG_INFORMATION_FORMAT = dwarf;
				ENABLE_STRICT_OBJC_MSGSEND = YES;
				ENABLE_TESTABILITY = YES;
				ENABLE_USER_SCRIPT_SANDBOXING = YES;
				GCC_C_LANGUAGE_STANDARD = gnu17;
				GCC_DYNAMIC_NO_PIC = NO;
				GCC_NO_COMMON_BLOCKS = YES;
				GCC_OPTIMIZATION_LEVEL = 0;
				GCC_PREPROCESSOR_DEFINITIONS = (
					"DEBUG=1",
					"$(inherited)",
				);
				GCC_WARN_64_TO_32_BIT_CONVERSION = YES;
				GCC_WARN_ABOUT_RETURN_TYPE = YES_ERROR;
				GCC_WARN_UNDECLARED_SELECTOR = YES;
				GCC_WARN_UNINITIALIZED_AUTOS = YES_AGGRESSIVE;
				GCC_WARN_UNUSED_FUNCTION = YES;
				GCC_WARN_UNUSED_VARIABLE = YES;
				IPHONEOS_DEPLOYMENT_TARGET = 17.5;
				LOCALIZATION_PREFERS_STRING_CATALOGS = YES;
				MTL_ENABLE_DEBUG_INFO = INCLUDE_SOURCE;
				MTL_FAST_MATH = YES;
				ONLY_ACTIVE_ARCH = YES;
				SDKROOT = iphoneos;
				SWIFT_ACTIVE_COMPILATION_CONDITIONS = "DEBUG $(inherited)";
				SWIFT_OPTIMIZATION_LEVEL = "-Onone";
			};
			name = Debug;
		};
		21F4911D2C2B91C400016D22 /* Release */ = {
			isa = XCBuildConfiguration;
			buildSettings = {
				ALWAYS_SEARCH_USER_PATHS = NO;
				ASSETCATALOG_COMPILER_GENERATE_SWIFT_ASSET_SYMBOL_EXTENSIONS = YES;
				CLANG_ANALYZER_NONNULL = YES;
				CLANG_ANALYZER_NUMBER_OBJECT_CONVERSION = YES_AGGRESSIVE;
				CLANG_CXX_LANGUAGE_STANDARD = "gnu++20";
				CLANG_ENABLE_MODULES = YES;
				CLANG_ENABLE_OBJC_ARC = YES;
				CLANG_ENABLE_OBJC_WEAK = YES;
				CLANG_WARN_BLOCK_CAPTURE_AUTORELEASING = YES;
				CLANG_WARN_BOOL_CONVERSION = YES;
				CLANG_WARN_COMMA = YES;
				CLANG_WARN_CONSTANT_CONVERSION = YES;
				CLANG_WARN_DEPRECATED_OBJC_IMPLEMENTATIONS = YES;
				CLANG_WARN_DIRECT_OBJC_ISA_USAGE = YES_ERROR;
				CLANG_WARN_DOCUMENTATION_COMMENTS = YES;
				CLANG_WARN_EMPTY_BODY = YES;
				CLANG_WARN_ENUM_CONVERSION = YES;
				CLANG_WARN_INFINITE_RECURSION = YES;
				CLANG_WARN_INT_CONVERSION = YES;
				CLANG_WARN_NON_LITERAL_NULL_CONVERSION = YES;
				CLANG_WARN_OBJC_IMPLICIT_RETAIN_SELF = YES;
				CLANG_WARN_OBJC_LITERAL_CONVERSION = YES;
				CLANG_WARN_OBJC_ROOT_CLASS = YES_ERROR;
				CLANG_WARN_QUOTED_INCLUDE_IN_FRAMEWORK_HEADER = YES;
				CLANG_WARN_RANGE_LOOP_ANALYSIS = YES;
				CLANG_WARN_STRICT_PROTOTYPES = YES;
				CLANG_WARN_SUSPICIOUS_MOVE = YES;
				CLANG_WARN_UNGUARDED_AVAILABILITY = YES_AGGRESSIVE;
				CLANG_WARN_UNREACHABLE_CODE = YES;
				CLANG_WARN__DUPLICATE_METHOD_MATCH = YES;
				COPY_PHASE_STRIP = NO;
				DEBUG_INFORMATION_FORMAT = "dwarf-with-dsym";
				ENABLE_NS_ASSERTIONS = NO;
				ENABLE_STRICT_OBJC_MSGSEND = YES;
				ENABLE_USER_SCRIPT_SANDBOXING = YES;
				GCC_C_LANGUAGE_STANDARD = gnu17;
				GCC_NO_COMMON_BLOCKS = YES;
				GCC_WARN_64_TO_32_BIT_CONVERSION = YES;
				GCC_WARN_ABOUT_RETURN_TYPE = YES_ERROR;
				GCC_WARN_UNDECLARED_SELECTOR = YES;
				GCC_WARN_UNINITIALIZED_AUTOS = YES_AGGRESSIVE;
				GCC_WARN_UNUSED_FUNCTION = YES;
				GCC_WARN_UNUSED_VARIABLE = YES;
				IPHONEOS_DEPLOYMENT_TARGET = 17.5;
				LOCALIZATION_PREFERS_STRING_CATALOGS = YES;
				MTL_ENABLE_DEBUG_INFO = NO;
				MTL_FAST_MATH = YES;
				SDKROOT = iphoneos;
				SWIFT_COMPILATION_MODE = wholemodule;
				VALIDATE_PRODUCT = YES;
			};
			name = Release;
		};
		21F4911F2C2B91C400016D22 /* Debug */ = {
			isa = XCBuildConfiguration;
			buildSettings = {
				ASSETCATALOG_COMPILER_APPICON_NAME = AppIcon;
				ASSETCATALOG_COMPILER_GLOBAL_ACCENT_COLOR_NAME = AccentColor;
				CODE_SIGN_STYLE = Automatic;
				CURRENT_PROJECT_VERSION = 1;
				DEVELOPMENT_ASSET_PATHS = "\"NatureWalk/Preview Content\"";
				DEVELOPMENT_TEAM = 562VUT28S5;
				ENABLE_PREVIEWS = YES;
				GENERATE_INFOPLIST_FILE = YES;
				INFOPLIST_KEY_UIApplicationSceneManifest_Generation = YES;
				INFOPLIST_KEY_UIApplicationSupportsIndirectInputEvents = YES;
				INFOPLIST_KEY_UILaunchScreen_Generation = YES;
				INFOPLIST_KEY_UISupportedInterfaceOrientations_iPad = "UIInterfaceOrientationPortrait UIInterfaceOrientationPortraitUpsideDown UIInterfaceOrientationLandscapeLeft UIInterfaceOrientationLandscapeRight";
				INFOPLIST_KEY_UISupportedInterfaceOrientations_iPhone = "UIInterfaceOrientationPortrait UIInterfaceOrientationLandscapeLeft UIInterfaceOrientationLandscapeRight";
				IPHONEOS_DEPLOYMENT_TARGET = 17.4;
				LD_RUNPATH_SEARCH_PATHS = (
					"$(inherited)",
					"@executable_path/Frameworks",
				);
				MARKETING_VERSION = 1.0;
				PRODUCT_BUNDLE_IDENTIFIER = ca.GrorgeBrown.mads4003.NatureWalk;
				PRODUCT_NAME = "$(TARGET_NAME)";
				SWIFT_EMIT_LOC_STRINGS = YES;
				SWIFT_VERSION = 5.0;
				TARGETED_DEVICE_FAMILY = "1,2";
			};
			name = Debug;
		};
		21F491202C2B91C400016D22 /* Release */ = {
			isa = XCBuildConfiguration;
			buildSettings = {
				ASSETCATALOG_COMPILER_APPICON_NAME = AppIcon;
				ASSETCATALOG_COMPILER_GLOBAL_ACCENT_COLOR_NAME = AccentColor;
				CODE_SIGN_STYLE = Automatic;
				CURRENT_PROJECT_VERSION = 1;
				DEVELOPMENT_ASSET_PATHS = "\"NatureWalk/Preview Content\"";
				DEVELOPMENT_TEAM = 562VUT28S5;
				ENABLE_PREVIEWS = YES;
				GENERATE_INFOPLIST_FILE = YES;
				INFOPLIST_KEY_UIApplicationSceneManifest_Generation = YES;
				INFOPLIST_KEY_UIApplicationSupportsIndirectInputEvents = YES;
				INFOPLIST_KEY_UILaunchScreen_Generation = YES;
				INFOPLIST_KEY_UISupportedInterfaceOrientations_iPad = "UIInterfaceOrientationPortrait UIInterfaceOrientationPortraitUpsideDown UIInterfaceOrientationLandscapeLeft UIInterfaceOrientationLandscapeRight";
				INFOPLIST_KEY_UISupportedInterfaceOrientations_iPhone = "UIInterfaceOrientationPortrait UIInterfaceOrientationLandscapeLeft UIInterfaceOrientationLandscapeRight";
				IPHONEOS_DEPLOYMENT_TARGET = 17.4;
				LD_RUNPATH_SEARCH_PATHS = (
					"$(inherited)",
					"@executable_path/Frameworks",
				);
				MARKETING_VERSION = 1.0;
				PRODUCT_BUNDLE_IDENTIFIER = ca.GrorgeBrown.mads4003.NatureWalk;
				PRODUCT_NAME = "$(TARGET_NAME)";
				SWIFT_EMIT_LOC_STRINGS = YES;
				SWIFT_VERSION = 5.0;
				TARGETED_DEVICE_FAMILY = "1,2";
			};
			name = Release;
		};
/* End XCBuildConfiguration section */

/* Begin XCConfigurationList section */
		21F4910B2C2B91C200016D22 /* Build configuration list for PBXProject "NatureWalk" */ = {
			isa = XCConfigurationList;
			buildConfigurations = (
				21F4911C2C2B91C400016D22 /* Debug */,
				21F4911D2C2B91C400016D22 /* Release */,
			);
			defaultConfigurationIsVisible = 0;
			defaultConfigurationName = Release;
		};
		21F4911E2C2B91C400016D22 /* Build configuration list for PBXNativeTarget "NatureWalk" */ = {
			isa = XCConfigurationList;
			buildConfigurations = (
				21F4911F2C2B91C400016D22 /* Debug */,
				21F491202C2B91C400016D22 /* Release */,
			);
			defaultConfigurationIsVisible = 0;
			defaultConfigurationName = Release;
		};
/* End XCConfigurationList section */

/* Begin XCRemoteSwiftPackageReference section */
		3C4BCF912C3B53EA008321FC /* XCRemoteSwiftPackageReference "firebase-ios-sdk" */ = {
			isa = XCRemoteSwiftPackageReference;
			repositoryURL = "https://github.com/firebase/firebase-ios-sdk.git";
			requirement = {
				kind = upToNextMajorVersion;
				minimumVersion = 10.28.1;
			};
		};
/* End XCRemoteSwiftPackageReference section */

/* Begin XCSwiftPackageProductDependency section */
		3C4BCF932C3B5528008321FC /* FirebaseAuth */ = {
			isa = XCSwiftPackageProductDependency;
			package = 3C4BCF912C3B53EA008321FC /* XCRemoteSwiftPackageReference "firebase-ios-sdk" */;
			productName = FirebaseAuth;
		};
		3C4BCF952C3B553C008321FC /* FirebaseFirestore */ = {
			isa = XCSwiftPackageProductDependency;
			package = 3C4BCF912C3B53EA008321FC /* XCRemoteSwiftPackageReference "firebase-ios-sdk" */;
			productName = FirebaseFirestore;
		};
		3C4BCF972C3B5547008321FC /* FirebaseFirestoreSwift */ = {
			isa = XCSwiftPackageProductDependency;
			package = 3C4BCF912C3B53EA008321FC /* XCRemoteSwiftPackageReference "firebase-ios-sdk" */;
			productName = FirebaseFirestoreSwift;
		};
		3C4BCF992C3B5551008321FC /* FirebaseStorage */ = {
			isa = XCSwiftPackageProductDependency;
			package = 3C4BCF912C3B53EA008321FC /* XCRemoteSwiftPackageReference "firebase-ios-sdk" */;
			productName = FirebaseStorage;
		};
/* End XCSwiftPackageProductDependency section */
	};
	rootObject = 21F491082C2B91C200016D22 /* Project object */;
}
